// !$*UTF8*$!
{
	archiveVersion = 1;
	classes = {
	};
	objectVersion = 55;
	objects = {

/* Begin PBXBuildFile section */
		C75D0A70285AFE5600A09A25 /* PracticeItem.swift in Sources */ = {isa = PBXBuildFile; fileRef = C75D0A6F285AFE5600A09A25 /* PracticeItem.swift */; };
		C75D0A77285B044E00A09A25 /* ToyPage.swift in Sources */ = {isa = PBXBuildFile; fileRef = C75D0A76285B044E00A09A25 /* ToyPage.swift */; };
		C7D0B73C285AB10200F6B33A /* PracticeSwiftUIApp.swift in Sources */ = {isa = PBXBuildFile; fileRef = C7D0B73B285AB10200F6B33A /* PracticeSwiftUIApp.swift */; };
		C7D0B73E285AB10300F6B33A /* ContentView.swift in Sources */ = {isa = PBXBuildFile; fileRef = C7D0B73D285AB10300F6B33A /* ContentView.swift */; };
		C7D0B740285AB10500F6B33A /* Assets.xcassets in Resources */ = {isa = PBXBuildFile; fileRef = C7D0B73F285AB10500F6B33A /* Assets.xcassets */; };
		C7D0B743285AB10500F6B33A /* Preview Assets.xcassets in Resources */ = {isa = PBXBuildFile; fileRef = C7D0B742285AB10500F6B33A /* Preview Assets.xcassets */; };
		C7D0B74D285AB10500F6B33A /* PracticeSwiftUITests.swift in Sources */ = {isa = PBXBuildFile; fileRef = C7D0B74C285AB10500F6B33A /* PracticeSwiftUITests.swift */; };
		C7D0B757285AB10500F6B33A /* PracticeSwiftUIUITests.swift in Sources */ = {isa = PBXBuildFile; fileRef = C7D0B756285AB10500F6B33A /* PracticeSwiftUIUITests.swift */; };
		C7D0B759285AB10500F6B33A /* PracticeSwiftUIUITestsLaunchTests.swift in Sources */ = {isa = PBXBuildFile; fileRef = C7D0B758285AB10500F6B33A /* PracticeSwiftUIUITestsLaunchTests.swift */; };
/* End PBXBuildFile section */

/* Begin PBXContainerItemProxy section */
		C7D0B749285AB10500F6B33A /* PBXContainerItemProxy */ = {
			isa = PBXContainerItemProxy;
			containerPortal = C7D0B730285AB10200F6B33A /* Project object */;
			proxyType = 1;
			remoteGlobalIDString = C7D0B737285AB10200F6B33A;
			remoteInfo = PracticeSwiftUI;
		};
		C7D0B753285AB10500F6B33A /* PBXContainerItemProxy */ = {
			isa = PBXContainerItemProxy;
			containerPortal = C7D0B730285AB10200F6B33A /* Project object */;
			proxyType = 1;
			remoteGlobalIDString = C7D0B737285AB10200F6B33A;
			remoteInfo = PracticeSwiftUI;
		};
/* End PBXContainerItemProxy section */

/* Begin PBXFileReference section */
		C75D0A6F285AFE5600A09A25 /* PracticeItem.swift */ = {isa = PBXFileReference; fileEncoding = 4; lastKnownFileType = sourcecode.swift; path = PracticeItem.swift; sourceTree = "<group>"; };
		C75D0A76285B044E00A09A25 /* ToyPage.swift */ = {isa = PBXFileReference; lastKnownFileType = sourcecode.swift; path = ToyPage.swift; sourceTree = "<group>"; };
		C7D0B738285AB10200F6B33A /* PracticeSwiftUI.app */ = {isa = PBXFileReference; explicitFileType = wrapper.application; includeInIndex = 0; path = PracticeSwiftUI.app; sourceTree = BUILT_PRODUCTS_DIR; };
		C7D0B73B285AB10200F6B33A /* PracticeSwiftUIApp.swift */ = {isa = PBXFileReference; lastKnownFileType = sourcecode.swift; path = PracticeSwiftUIApp.swift; sourceTree = "<group>"; };
		C7D0B73D285AB10300F6B33A /* ContentView.swift */ = {isa = PBXFileReference; lastKnownFileType = sourcecode.swift; path = ContentView.swift; sourceTree = "<group>"; };
		C7D0B73F285AB10500F6B33A /* Assets.xcassets */ = {isa = PBXFileReference; lastKnownFileType = folder.assetcatalog; path = Assets.xcassets; sourceTree = "<group>"; };
		C7D0B742285AB10500F6B33A /* Preview Assets.xcassets */ = {isa = PBXFileReference; lastKnownFileType = folder.assetcatalog; path = "Preview Assets.xcassets"; sourceTree = "<group>"; };
		C7D0B748285AB10500F6B33A /* PracticeSwiftUITests.xctest */ = {isa = PBXFileReference; explicitFileType = wrapper.cfbundle; includeInIndex = 0; path = PracticeSwiftUITests.xctest; sourceTree = BUILT_PRODUCTS_DIR; };
		C7D0B74C285AB10500F6B33A /* PracticeSwiftUITests.swift */ = {isa = PBXFileReference; lastKnownFileType = sourcecode.swift; path = PracticeSwiftUITests.swift; sourceTree = "<group>"; };
		C7D0B752285AB10500F6B33A /* PracticeSwiftUIUITests.xctest */ = {isa = PBXFileReference; explicitFileType = wrapper.cfbundle; includeInIndex = 0; path = PracticeSwiftUIUITests.xctest; sourceTree = BUILT_PRODUCTS_DIR; };
		C7D0B756285AB10500F6B33A /* PracticeSwiftUIUITests.swift */ = {isa = PBXFileReference; lastKnownFileType = sourcecode.swift; path = PracticeSwiftUIUITests.swift; sourceTree = "<group>"; };
		C7D0B758285AB10500F6B33A /* PracticeSwiftUIUITestsLaunchTests.swift */ = {isa = PBXFileReference; lastKnownFileType = sourcecode.swift; path = PracticeSwiftUIUITestsLaunchTests.swift; sourceTree = "<group>"; };
/* End PBXFileReference section */

/* Begin PBXFrameworksBuildPhase section */
		C7D0B735285AB10200F6B33A /* Frameworks */ = {
			isa = PBXFrameworksBuildPhase;
			buildActionMask = 2147483647;
			files = (
			);
			runOnlyForDeploymentPostprocessing = 0;
		};
		C7D0B745285AB10500F6B33A /* Frameworks */ = {
			isa = PBXFrameworksBuildPhase;
			buildActionMask = 2147483647;
			files = (
			);
			runOnlyForDeploymentPostprocessing = 0;
		};
		C7D0B74F285AB10500F6B33A /* Frameworks */ = {
			isa = PBXFrameworksBuildPhase;
			buildActionMask = 2147483647;
			files = (
			);
			runOnlyForDeploymentPostprocessing = 0;
		};
/* End PBXFrameworksBuildPhase section */

/* Begin PBXGroup section */
		C75D0A6E285AFE5600A09A25 /* Model */ = {
			isa = PBXGroup;
			children = (
				C75D0A6F285AFE5600A09A25 /* PracticeItem.swift */,
			);
			path = Model;
			sourceTree = "<group>";
		};
		C75D0A71285B03AC00A09A25 /* Organisms */ = {
			isa = PBXGroup;
			children = (
			);
			path = Organisms;
			sourceTree = "<group>";
		};
		C75D0A72285B03CF00A09A25 /* Views */ = {
			isa = PBXGroup;
			children = (
				C75D0A75285B042700A09A25 /* Toy */,
				C7D0B73D285AB10300F6B33A /* ContentView.swift */,
			);
			path = Views;
			sourceTree = "<group>";
		};
		C75D0A73285B03F600A09A25 /* Atoms */ = {
			isa = PBXGroup;
			children = (
			);
			path = Atoms;
			sourceTree = "<group>";
		};
		C75D0A75285B042700A09A25 /* Toy */ = {
			isa = PBXGroup;
			children = (
				C75D0A73285B03F600A09A25 /* Atoms */,
				C75D0A71285B03AC00A09A25 /* Organisms */,
				C75D0A76285B044E00A09A25 /* ToyPage.swift */,
			);
			path = Toy;
			sourceTree = "<group>";
		};
		C7D0B72F285AB10200F6B33A = {
			isa = PBXGroup;
			children = (
				C7D0B73A285AB10200F6B33A /* PracticeSwiftUI */,
				C7D0B74B285AB10500F6B33A /* PracticeSwiftUITests */,
				C7D0B755285AB10500F6B33A /* PracticeSwiftUIUITests */,
				C7D0B739285AB10200F6B33A /* Products */,
			);
			sourceTree = "<group>";
		};
		C7D0B739285AB10200F6B33A /* Products */ = {
			isa = PBXGroup;
			children = (
				C7D0B738285AB10200F6B33A /* PracticeSwiftUI.app */,
				C7D0B748285AB10500F6B33A /* PracticeSwiftUITests.xctest */,
				C7D0B752285AB10500F6B33A /* PracticeSwiftUIUITests.xctest */,
			);
			name = Products;
			sourceTree = "<group>";
		};
		C7D0B73A285AB10200F6B33A /* PracticeSwiftUI */ = {
			isa = PBXGroup;
			children = (
				C75D0A72285B03CF00A09A25 /* Views */,
				C75D0A6E285AFE5600A09A25 /* Model */,
				C7D0B73B285AB10200F6B33A /* PracticeSwiftUIApp.swift */,
				C7D0B73F285AB10500F6B33A /* Assets.xcassets */,
				C7D0B741285AB10500F6B33A /* Preview Content */,
			);
			path = PracticeSwiftUI;
			sourceTree = "<group>";
		};
		C7D0B741285AB10500F6B33A /* Preview Content */ = {
			isa = PBXGroup;
			children = (
				C7D0B742285AB10500F6B33A /* Preview Assets.xcassets */,
			);
			path = "Preview Content";
			sourceTree = "<group>";
		};
		C7D0B74B285AB10500F6B33A /* PracticeSwiftUITests */ = {
			isa = PBXGroup;
			children = (
				C7D0B74C285AB10500F6B33A /* PracticeSwiftUITests.swift */,
			);
			path = PracticeSwiftUITests;
			sourceTree = "<group>";
		};
		C7D0B755285AB10500F6B33A /* PracticeSwiftUIUITests */ = {
			isa = PBXGroup;
			children = (
				C7D0B756285AB10500F6B33A /* PracticeSwiftUIUITests.swift */,
				C7D0B758285AB10500F6B33A /* PracticeSwiftUIUITestsLaunchTests.swift */,
			);
			path = PracticeSwiftUIUITests;
			sourceTree = "<group>";
		};
/* End PBXGroup section */

/* Begin PBXNativeTarget section */
		C7D0B737285AB10200F6B33A /* PracticeSwiftUI */ = {
			isa = PBXNativeTarget;
			buildConfigurationList = C7D0B75C285AB10500F6B33A /* Build configuration list for PBXNativeTarget "PracticeSwiftUI" */;
			buildPhases = (
				C7D0B734285AB10200F6B33A /* Sources */,
				C7D0B735285AB10200F6B33A /* Frameworks */,
				C7D0B736285AB10200F6B33A /* Resources */,
			);
			buildRules = (
			);
			dependencies = (
			);
			name = PracticeSwiftUI;
			productName = PracticeSwiftUI;
			productReference = C7D0B738285AB10200F6B33A /* PracticeSwiftUI.app */;
			productType = "com.apple.product-type.application";
		};
		C7D0B747285AB10500F6B33A /* PracticeSwiftUITests */ = {
			isa = PBXNativeTarget;
			buildConfigurationList = C7D0B75F285AB10500F6B33A /* Build configuration list for PBXNativeTarget "PracticeSwiftUITests" */;
			buildPhases = (
				C7D0B744285AB10500F6B33A /* Sources */,
				C7D0B745285AB10500F6B33A /* Frameworks */,
				C7D0B746285AB10500F6B33A /* Resources */,
			);
			buildRules = (
			);
			dependencies = (
				C7D0B74A285AB10500F6B33A /* PBXTargetDependency */,
			);
			name = PracticeSwiftUITests;
			productName = PracticeSwiftUITests;
			productReference = C7D0B748285AB10500F6B33A /* PracticeSwiftUITests.xctest */;
			productType = "com.apple.product-type.bundle.unit-test";
		};
		C7D0B751285AB10500F6B33A /* PracticeSwiftUIUITests */ = {
			isa = PBXNativeTarget;
			buildConfigurationList = C7D0B762285AB10500F6B33A /* Build configuration list for PBXNativeTarget "PracticeSwiftUIUITests" */;
			buildPhases = (
				C7D0B74E285AB10500F6B33A /* Sources */,
				C7D0B74F285AB10500F6B33A /* Frameworks */,
				C7D0B750285AB10500F6B33A /* Resources */,
			);
			buildRules = (
			);
			dependencies = (
				C7D0B754285AB10500F6B33A /* PBXTargetDependency */,
			);
			name = PracticeSwiftUIUITests;
			productName = PracticeSwiftUIUITests;
			productReference = C7D0B752285AB10500F6B33A /* PracticeSwiftUIUITests.xctest */;
			productType = "com.apple.product-type.bundle.ui-testing";
		};
/* End PBXNativeTarget section */

/* Begin PBXProject section */
		C7D0B730285AB10200F6B33A /* Project object */ = {
			isa = PBXProject;
			attributes = {
				BuildIndependentTargetsInParallel = 1;
				LastSwiftUpdateCheck = 1340;
				LastUpgradeCheck = 1340;
				TargetAttributes = {
					C7D0B737285AB10200F6B33A = {
						CreatedOnToolsVersion = 13.4;
					};
					C7D0B747285AB10500F6B33A = {
						CreatedOnToolsVersion = 13.4;
						TestTargetID = C7D0B737285AB10200F6B33A;
					};
					C7D0B751285AB10500F6B33A = {
						CreatedOnToolsVersion = 13.4;
						TestTargetID = C7D0B737285AB10200F6B33A;
					};
				};
			};
			buildConfigurationList = C7D0B733285AB10200F6B33A /* Build configuration list for PBXProject "PracticeSwiftUI" */;
			compatibilityVersion = "Xcode 13.0";
			developmentRegion = en;
			hasScannedForEncodings = 0;
			knownRegions = (
				en,
				Base,
			);
			mainGroup = C7D0B72F285AB10200F6B33A;
			productRefGroup = C7D0B739285AB10200F6B33A /* Products */;
			projectDirPath = "";
			projectRoot = "";
			targets = (
				C7D0B737285AB10200F6B33A /* PracticeSwiftUI */,
				C7D0B747285AB10500F6B33A /* PracticeSwiftUITests */,
				C7D0B751285AB10500F6B33A /* PracticeSwiftUIUITests */,
			);
		};
/* End PBXProject section */

/* Begin PBXResourcesBuildPhase section */
		C7D0B736285AB10200F6B33A /* Resources */ = {
			isa = PBXResourcesBuildPhase;
			buildActionMask = 2147483647;
			files = (
				C7D0B743285AB10500F6B33A /* Preview Assets.xcassets in Resources */,
				C7D0B740285AB10500F6B33A /* Assets.xcassets in Resources */,
			);
			runOnlyForDeploymentPostprocessing = 0;
		};
		C7D0B746285AB10500F6B33A /* Resources */ = {
			isa = PBXResourcesBuildPhase;
			buildActionMask = 2147483647;
			files = (
			);
			runOnlyForDeploymentPostprocessing = 0;
		};
		C7D0B750285AB10500F6B33A /* Resources */ = {
			isa = PBXResourcesBuildPhase;
			buildActionMask = 2147483647;
			files = (
			);
			runOnlyForDeploymentPostprocessing = 0;
		};
/* End PBXResourcesBuildPhase section */

/* Begin PBXSourcesBuildPhase section */
		C7D0B734285AB10200F6B33A /* Sources */ = {
			isa = PBXSourcesBuildPhase;
			buildActionMask = 2147483647;
			files = (
				C7D0B73E285AB10300F6B33A /* ContentView.swift in Sources */,
				C75D0A77285B044E00A09A25 /* ToyPage.swift in Sources */,
				C7D0B73C285AB10200F6B33A /* PracticeSwiftUIApp.swift in Sources */,
				C75D0A70285AFE5600A09A25 /* PracticeItem.swift in Sources */,
			);
			runOnlyForDeploymentPostprocessing = 0;
		};
		C7D0B744285AB10500F6B33A /* Sources */ = {
			isa = PBXSourcesBuildPhase;
			buildActionMask = 2147483647;
			files = (
				C7D0B74D285AB10500F6B33A /* PracticeSwiftUITests.swift in Sources */,
			);
			runOnlyForDeploymentPostprocessing = 0;
		};
		C7D0B74E285AB10500F6B33A /* Sources */ = {
			isa = PBXSourcesBuildPhase;
			buildActionMask = 2147483647;
			files = (
				C7D0B757285AB10500F6B33A /* PracticeSwiftUIUITests.swift in Sources */,
				C7D0B759285AB10500F6B33A /* PracticeSwiftUIUITestsLaunchTests.swift in Sources */,
			);
			runOnlyForDeploymentPostprocessing = 0;
		};
/* End PBXSourcesBuildPhase section */

/* Begin PBXTargetDependency section */
		C7D0B74A285AB10500F6B33A /* PBXTargetDependency */ = {
			isa = PBXTargetDependency;
			target = C7D0B737285AB10200F6B33A /* PracticeSwiftUI */;
			targetProxy = C7D0B749285AB10500F6B33A /* PBXContainerItemProxy */;
		};
		C7D0B754285AB10500F6B33A /* PBXTargetDependency */ = {
			isa = PBXTargetDependency;
			target = C7D0B737285AB10200F6B33A /* PracticeSwiftUI */;
			targetProxy = C7D0B753285AB10500F6B33A /* PBXContainerItemProxy */;
		};
/* End PBXTargetDependency section */

/* Begin XCBuildConfiguration section */
		C7D0B75A285AB10500F6B33A /* Debug */ = {
			isa = XCBuildConfiguration;
			buildSettings = {
				ALWAYS_SEARCH_USER_PATHS = NO;
				CLANG_ANALYZER_NONNULL = YES;
				CLANG_ANALYZER_NUMBER_OBJECT_CONVERSION = YES_AGGRESSIVE;
				CLANG_CXX_LANGUAGE_STANDARD = "gnu++17";
				CLANG_ENABLE_MODULES = YES;
				CLANG_ENABLE_OBJC_ARC = YES;
				CLANG_ENABLE_OBJC_WEAK = YES;
				CLANG_WARN_BLOCK_CAPTURE_AUTORELEASING = YES;
				CLANG_WARN_BOOL_CONVERSION = YES;
				CLANG_WARN_COMMA = YES;
				CLANG_WARN_CONSTANT_CONVERSION = YES;
				CLANG_WARN_DEPRECATED_OBJC_IMPLEMENTATIONS = YES;
				CLANG_WARN_DIRECT_OBJC_ISA_USAGE = YES_ERROR;
				CLANG_WARN_DOCUMENTATION_COMMENTS = YES;
				CLANG_WARN_EMPTY_BODY = YES;
				CLANG_WARN_ENUM_CONVERSION = YES;
				CLANG_WARN_INFINITE_RECURSION = YES;
				CLANG_WARN_INT_CONVERSION = YES;
				CLANG_WARN_NON_LITERAL_NULL_CONVERSION = YES;
				CLANG_WARN_OBJC_IMPLICIT_RETAIN_SELF = YES;
				CLANG_WARN_OBJC_LITERAL_CONVERSION = YES;
				CLANG_WARN_OBJC_ROOT_CLASS = YES_ERROR;
				CLANG_WARN_QUOTED_INCLUDE_IN_FRAMEWORK_HEADER = YES;
				CLANG_WARN_RANGE_LOOP_ANALYSIS = YES;
				CLANG_WARN_STRICT_PROTOTYPES = YES;
				CLANG_WARN_SUSPICIOUS_MOVE = YES;
				CLANG_WARN_UNGUARDED_AVAILABILITY = YES_AGGRESSIVE;
				CLANG_WARN_UNREACHABLE_CODE = YES;
				CLANG_WARN__DUPLICATE_METHOD_MATCH = YES;
				COPY_PHASE_STRIP = NO;
				DEBUG_INFORMATION_FORMAT = dwarf;
				ENABLE_STRICT_OBJC_MSGSEND = YES;
				ENABLE_TESTABILITY = YES;
				GCC_C_LANGUAGE_STANDARD = gnu11;
				GCC_DYNAMIC_NO_PIC = NO;
				GCC_NO_COMMON_BLOCKS = YES;
				GCC_OPTIMIZATION_LEVEL = 0;
				GCC_PREPROCESSOR_DEFINITIONS = (
					"DEBUG=1",
					"$(inherited)",
				);
				GCC_WARN_64_TO_32_BIT_CONVERSION = YES;
				GCC_WARN_ABOUT_RETURN_TYPE = YES_ERROR;
				GCC_WARN_UNDECLARED_SELECTOR = YES;
				GCC_WARN_UNINITIALIZED_AUTOS = YES_AGGRESSIVE;
				GCC_WARN_UNUSED_FUNCTION = YES;
				GCC_WARN_UNUSED_VARIABLE = YES;
				IPHONEOS_DEPLOYMENT_TARGET = 15.5;
				MTL_ENABLE_DEBUG_INFO = INCLUDE_SOURCE;
				MTL_FAST_MATH = YES;
				ONLY_ACTIVE_ARCH = YES;
				SDKROOT = iphoneos;
				SWIFT_ACTIVE_COMPILATION_CONDITIONS = DEBUG;
				SWIFT_OPTIMIZATION_LEVEL = "-Onone";
			};
			name = Debug;
		};
		C7D0B75B285AB10500F6B33A /* Release */ = {
			isa = XCBuildConfiguration;
			buildSettings = {
				ALWAYS_SEARCH_USER_PATHS = NO;
				CLANG_ANALYZER_NONNULL = YES;
				CLANG_ANALYZER_NUMBER_OBJECT_CONVERSION = YES_AGGRESSIVE;
				CLANG_CXX_LANGUAGE_STANDARD = "gnu++17";
				CLANG_ENABLE_MODULES = YES;
				CLANG_ENABLE_OBJC_ARC = YES;
				CLANG_ENABLE_OBJC_WEAK = YES;
				CLANG_WARN_BLOCK_CAPTURE_AUTORELEASING = YES;
				CLANG_WARN_BOOL_CONVERSION = YES;
				CLANG_WARN_COMMA = YES;
				CLANG_WARN_CONSTANT_CONVERSION = YES;
				CLANG_WARN_DEPRECATED_OBJC_IMPLEMENTATIONS = YES;
				CLANG_WARN_DIRECT_OBJC_ISA_USAGE = YES_ERROR;
				CLANG_WARN_DOCUMENTATION_COMMENTS = YES;
				CLANG_WARN_EMPTY_BODY = YES;
				CLANG_WARN_ENUM_CONVERSION = YES;
				CLANG_WARN_INFINITE_RECURSION = YES;
				CLANG_WARN_INT_CONVERSION = YES;
				CLANG_WARN_NON_LITERAL_NULL_CONVERSION = YES;
				CLANG_WARN_OBJC_IMPLICIT_RETAIN_SELF = YES;
				CLANG_WARN_OBJC_LITERAL_CONVERSION = YES;
				CLANG_WARN_OBJC_ROOT_CLASS = YES_ERROR;
				CLANG_WARN_QUOTED_INCLUDE_IN_FRAMEWORK_HEADER = YES;
				CLANG_WARN_RANGE_LOOP_ANALYSIS = YES;
				CLANG_WARN_STRICT_PROTOTYPES = YES;
				CLANG_WARN_SUSPICIOUS_MOVE = YES;
				CLANG_WARN_UNGUARDED_AVAILABILITY = YES_AGGRESSIVE;
				CLANG_WARN_UNREACHABLE_CODE = YES;
				CLANG_WARN__DUPLICATE_METHOD_MATCH = YES;
				COPY_PHASE_STRIP = NO;
				DEBUG_INFORMATION_FORMAT = "dwarf-with-dsym";
				ENABLE_NS_ASSERTIONS = NO;
				ENABLE_STRICT_OBJC_MSGSEND = YES;
				GCC_C_LANGUAGE_STANDARD = gnu11;
				GCC_NO_COMMON_BLOCKS = YES;
				GCC_WARN_64_TO_32_BIT_CONVERSION = YES;
				GCC_WARN_ABOUT_RETURN_TYPE = YES_ERROR;
				GCC_WARN_UNDECLARED_SELECTOR = YES;
				GCC_WARN_UNINITIALIZED_AUTOS = YES_AGGRESSIVE;
				GCC_WARN_UNUSED_FUNCTION = YES;
				GCC_WARN_UNUSED_VARIABLE = YES;
				IPHONEOS_DEPLOYMENT_TARGET = 15.5;
				MTL_ENABLE_DEBUG_INFO = NO;
				MTL_FAST_MATH = YES;
				SDKROOT = iphoneos;
				SWIFT_COMPILATION_MODE = wholemodule;
				SWIFT_OPTIMIZATION_LEVEL = "-O";
				VALIDATE_PRODUCT = YES;
			};
			name = Release;
		};
		C7D0B75D285AB10500F6B33A /* Debug */ = {
			isa = XCBuildConfiguration;
			buildSettings = {
				ASSETCATALOG_COMPILER_APPICON_NAME = AppIcon;
				ASSETCATALOG_COMPILER_GLOBAL_ACCENT_COLOR_NAME = AccentColor;
				CODE_SIGN_STYLE = Automatic;
				CURRENT_PROJECT_VERSION = 1;
				DEVELOPMENT_ASSET_PATHS = "\"PracticeSwiftUI/Preview Content\"";
				DEVELOPMENT_TEAM = 9KJM635KWS;
				ENABLE_PREVIEWS = YES;
				GENERATE_INFOPLIST_FILE = YES;
				INFOPLIST_KEY_UIApplicationSceneManifest_Generation = YES;
				INFOPLIST_KEY_UIApplicationSupportsIndirectInputEvents = YES;
				INFOPLIST_KEY_UILaunchScreen_Generation = YES;
				INFOPLIST_KEY_UISupportedInterfaceOrientations_iPad = "UIInterfaceOrientationPortrait UIInterfaceOrientationPortraitUpsideDown UIInterfaceOrientationLandscapeLeft UIInterfaceOrientationLandscapeRight";
				INFOPLIST_KEY_UISupportedInterfaceOrientations_iPhone = "UIInterfaceOrientationPortrait UIInterfaceOrientationLandscapeLeft UIInterfaceOrientationLandscapeRight";
				LD_RUNPATH_SEARCH_PATHS = (
					"$(inherited)",
					"@executable_path/Frameworks",
				);
				MARKETING_VERSION = 1.0;
				PRODUCT_BUNDLE_IDENTIFIER = com.example.PracticeSwiftUI;
				PRODUCT_NAME = "$(TARGET_NAME)";
				SWIFT_EMIT_LOC_STRINGS = YES;
				SWIFT_VERSION = 5.0;
				TARGETED_DEVICE_FAMILY = "1,2";
			};
			name = Debug;
		};
		C7D0B75E285AB10500F6B33A /* Release */ = {
			isa = XCBuildConfiguration;
			buildSettings = {
				ASSETCATALOG_COMPILER_APPICON_NAME = AppIcon;
				ASSETCATALOG_COMPILER_GLOBAL_ACCENT_COLOR_NAME = AccentColor;
				CODE_SIGN_STYLE = Automatic;
				CURRENT_PROJECT_VERSION = 1;
				DEVELOPMENT_ASSET_PATHS = "\"PracticeSwiftUI/Preview Content\"";
				DEVELOPMENT_TEAM = 9KJM635KWS;
				ENABLE_PREVIEWS = YES;
				GENERATE_INFOPLIST_FILE = YES;
				INFOPLIST_KEY_UIApplicationSceneManifest_Generation = YES;
				INFOPLIST_KEY_UIApplicationSupportsIndirectInputEvents = YES;
				INFOPLIST_KEY_UILaunchScreen_Generation = YES;
				INFOPLIST_KEY_UISupportedInterfaceOrientations_iPad = "UIInterfaceOrientationPortrait UIInterfaceOrientationPortraitUpsideDown UIInterfaceOrientationLandscapeLeft UIInterfaceOrientationLandscapeRight";
				INFOPLIST_KEY_UISupportedInterfaceOrientations_iPhone = "UIInterfaceOrientationPortrait UIInterfaceOrientationLandscapeLeft UIInterfaceOrientationLandscapeRight";
				LD_RUNPATH_SEARCH_PATHS = (
					"$(inherited)",
					"@executable_path/Frameworks",
				);
				MARKETING_VERSION = 1.0;
				PRODUCT_BUNDLE_IDENTIFIER = com.example.PracticeSwiftUI;
				PRODUCT_NAME = "$(TARGET_NAME)";
				SWIFT_EMIT_LOC_STRINGS = YES;
				SWIFT_VERSION = 5.0;
				TARGETED_DEVICE_FAMILY = "1,2";
			};
			name = Release;
		};
		C7D0B760285AB10500F6B33A /* Debug */ = {
			isa = XCBuildConfiguration;
			buildSettings = {
				ALWAYS_EMBED_SWIFT_STANDARD_LIBRARIES = YES;
				BUNDLE_LOADER = "$(TEST_HOST)";
				CODE_SIGN_STYLE = Automatic;
				CURRENT_PROJECT_VERSION = 1;
				DEVELOPMENT_TEAM = 9KJM635KWS;
				GENERATE_INFOPLIST_FILE = YES;
				IPHONEOS_DEPLOYMENT_TARGET = 15.5;
				MARKETING_VERSION = 1.0;
				PRODUCT_BUNDLE_IDENTIFIER = com.example.PracticeSwiftUITests;
				PRODUCT_NAME = "$(TARGET_NAME)";
				SWIFT_EMIT_LOC_STRINGS = NO;
				SWIFT_VERSION = 5.0;
				TARGETED_DEVICE_FAMILY = "1,2";
				TEST_HOST = "$(BUILT_PRODUCTS_DIR)/PracticeSwiftUI.app/PracticeSwiftUI";
			};
			name = Debug;
		};
		C7D0B761285AB10500F6B33A /* Release */ = {
			isa = XCBuildConfiguration;
			buildSettings = {
				ALWAYS_EMBED_SWIFT_STANDARD_LIBRARIES = YES;
				BUNDLE_LOADER = "$(TEST_HOST)";
				CODE_SIGN_STYLE = Automatic;
				CURRENT_PROJECT_VERSION = 1;
				DEVELOPMENT_TEAM = 9KJM635KWS;
				GENERATE_INFOPLIST_FILE = YES;
				IPHONEOS_DEPLOYMENT_TARGET = 15.5;
				MARKETING_VERSION = 1.0;
				PRODUCT_BUNDLE_IDENTIFIER = com.example.PracticeSwiftUITests;
				PRODUCT_NAME = "$(TARGET_NAME)";
				SWIFT_EMIT_LOC_STRINGS = NO;
				SWIFT_VERSION = 5.0;
				TARGETED_DEVICE_FAMILY = "1,2";
				TEST_HOST = "$(BUILT_PRODUCTS_DIR)/PracticeSwiftUI.app/PracticeSwiftUI";
			};
			name = Release;
		};
		C7D0B763285AB10500F6B33A /* Debug */ = {
			isa = XCBuildConfiguration;
			buildSettings = {
				ALWAYS_EMBED_SWIFT_STANDARD_LIBRARIES = YES;
				CODE_SIGN_STYLE = Automatic;
				CURRENT_PROJECT_VERSION = 1;
				DEVELOPMENT_TEAM = 9KJM635KWS;
				GENERATE_INFOPLIST_FILE = YES;
				MARKETING_VERSION = 1.0;
				PRODUCT_BUNDLE_IDENTIFIER = com.example.PracticeSwiftUIUITests;
				PRODUCT_NAME = "$(TARGET_NAME)";
				SWIFT_EMIT_LOC_STRINGS = NO;
				SWIFT_VERSION = 5.0;
				TARGETED_DEVICE_FAMILY = "1,2";
				TEST_TARGET_NAME = PracticeSwiftUI;
			};
			name = Debug;
		};
		C7D0B764285AB10500F6B33A /* Release */ = {
			isa = XCBuildConfiguration;
			buildSettings = {
				ALWAYS_EMBED_SWIFT_STANDARD_LIBRARIES = YES;
				CODE_SIGN_STYLE = Automatic;
				CURRENT_PROJECT_VERSION = 1;
				DEVELOPMENT_TEAM = 9KJM635KWS;
				GENERATE_INFOPLIST_FILE = YES;
				MARKETING_VERSION = 1.0;
				PRODUCT_BUNDLE_IDENTIFIER = com.example.PracticeSwiftUIUITests;
				PRODUCT_NAME = "$(TARGET_NAME)";
				SWIFT_EMIT_LOC_STRINGS = NO;
				SWIFT_VERSION = 5.0;
				TARGETED_DEVICE_FAMILY = "1,2";
				TEST_TARGET_NAME = PracticeSwiftUI;
			};
			name = Release;
		};
/* End XCBuildConfiguration section */

/* Begin XCConfigurationList section */
		C7D0B733285AB10200F6B33A /* Build configuration list for PBXProject "PracticeSwiftUI" */ = {
			isa = XCConfigurationList;
			buildConfigurations = (
				C7D0B75A285AB10500F6B33A /* Debug */,
				C7D0B75B285AB10500F6B33A /* Release */,
			);
			defaultConfigurationIsVisible = 0;
			defaultConfigurationName = Release;
		};
		C7D0B75C285AB10500F6B33A /* Build configuration list for PBXNativeTarget "PracticeSwiftUI" */ = {
			isa = XCConfigurationList;
			buildConfigurations = (
				C7D0B75D285AB10500F6B33A /* Debug */,
				C7D0B75E285AB10500F6B33A /* Release */,
			);
			defaultConfigurationIsVisible = 0;
			defaultConfigurationName = Release;
		};
		C7D0B75F285AB10500F6B33A /* Build configuration list for PBXNativeTarget "PracticeSwiftUITests" */ = {
			isa = XCConfigurationList;
			buildConfigurations = (
				C7D0B760285AB10500F6B33A /* Debug */,
				C7D0B761285AB10500F6B33A /* Release */,
			);
			defaultConfigurationIsVisible = 0;
			defaultConfigurationName = Release;
		};
		C7D0B762285AB10500F6B33A /* Build configuration list for PBXNativeTarget "PracticeSwiftUIUITests" */ = {
			isa = XCConfigurationList;
			buildConfigurations = (
				C7D0B763285AB10500F6B33A /* Debug */,
				C7D0B764285AB10500F6B33A /* Release */,
			);
			defaultConfigurationIsVisible = 0;
			defaultConfigurationName = Release;
		};
/* End XCConfigurationList section */
	};
	rootObject = C7D0B730285AB10200F6B33A /* Project object */;
}
